
Microsoft Visual Studio Solution File, Format Version 12.00
# Visual Studio 15
VisualStudioVersion = 15.0.28010.2003
MinimumVisualStudioVersion = 10.0.40219.1
Project("{FAE04EC0-301F-11D3-BF4B-00C04F79EFBC}") = "auto_shop.Android", "auto_shop\auto_shop.Android\auto_shop.Android.csproj", "{2FD5A830-5DFD-49DA-AE62-98A86938AE40}"
EndProject
Project("{FAE04EC0-301F-11D3-BF4B-00C04F79EFBC}") = "auto_shop.iOS", "auto_shop\auto_shop.iOS\auto_shop.iOS.csproj", "{FFAD36AD-208D-4DA3-8D63-055748D7F145}"
EndProject
Project("{9A19103F-16F7-4668-BE54-9A1E7A4F7556}") = "auto_shop", "auto_shop\auto_shop\auto_shop.csproj", "{51252AA8-111F-423B-B395-161244759108}"
EndProject
Global
	GlobalSection(SolutionConfigurationPlatforms) = preSolution
		Ad-Hoc|Any CPU = Ad-Hoc|Any CPU
		Ad-Hoc|iPhone = Ad-Hoc|iPhone
		Ad-Hoc|iPhoneSimulator = Ad-Hoc|iPhoneSimulator
		AppStore|Any CPU = AppStore|Any CPU
		AppStore|iPhone = AppStore|iPhone
		AppStore|iPhoneSimulator = AppStore|iPhoneSimulator
		Debug|Any CPU = Debug|Any CPU
		Debug|iPhone = Debug|iPhone
		Debug|iPhoneSimulator = Debug|iPhoneSimulator
		Release|Any CPU = Release|Any CPU
		Release|iPhone = Release|iPhone
		Release|iPhoneSimulator = Release|iPhoneSimulator
	EndGlobalSection
	GlobalSection(ProjectConfigurationPlatforms) = postSolution
		{2FD5A830-5DFD-49DA-AE62-98A86938AE40}.Ad-Hoc|Any CPU.ActiveCfg = Release|Any CPU
		{2FD5A830-5DFD-49DA-AE62-98A86938AE40}.Ad-Hoc|Any CPU.Build.0 = Release|Any CPU
		{2FD5A830-5DFD-49DA-AE62-98A86938AE40}.Ad-Hoc|Any CPU.Deploy.0 = Release|Any CPU
		{2FD5A830-5DFD-49DA-AE62-98A86938AE40}.Ad-Hoc|iPhone.ActiveCfg = Release|Any CPU
		{2FD5A830-5DFD-49DA-AE62-98A86938AE40}.Ad-Hoc|iPhone.Build.0 = Release|Any CPU
		{2FD5A830-5DFD-49DA-AE62-98A86938AE40}.Ad-Hoc|iPhone.Deploy.0 = Release|Any CPU
		{2FD5A830-5DFD-49DA-AE62-98A86938AE40}.Ad-Hoc|iPhoneSimulator.ActiveCfg = Release|Any CPU
		{2FD5A830-5DFD-49DA-AE62-98A86938AE40}.Ad-Hoc|iPhoneSimulator.Build.0 = Release|Any CPU
		{2FD5A830-5DFD-49DA-AE62-98A86938AE40}.Ad-Hoc|iPhoneSimulator.Deploy.0 = Release|Any CPU
		{2FD5A830-5DFD-49DA-AE62-98A86938AE40}.AppStore|Any CPU.ActiveCfg = Release|Any CPU
		{2FD5A830-5DFD-49DA-AE62-98A86938AE40}.AppStore|Any CPU.Build.0 = Release|Any CPU
		{2FD5A830-5DFD-49DA-AE62-98A86938AE40}.AppStore|Any CPU.Deploy.0 = Release|Any CPU
		{2FD5A830-5DFD-49DA-AE62-98A86938AE40}.AppStore|iPhone.ActiveCfg = Release|Any CPU
		{2FD5A830-5DFD-49DA-AE62-98A86938AE40}.AppStore|iPhone.Build.0 = Release|Any CPU
		{2FD5A830-5DFD-49DA-AE62-98A86938AE40}.AppStore|iPhone.Deploy.0 = Release|Any CPU
		{2FD5A830-5DFD-49DA-AE62-98A86938AE40}.AppStore|iPhoneSimulator.ActiveCfg = Release|Any CPU
		{2FD5A830-5DFD-49DA-AE62-98A86938AE40}.AppStore|iPhoneSimulator.Build.0 = Release|Any CPU
		{2FD5A830-5DFD-49DA-AE62-98A86938AE40}.AppStore|iPhoneSimulator.Deploy.0 = Release|Any CPU
		{2FD5A830-5DFD-49DA-AE62-98A86938AE40}.Debug|Any CPU.ActiveCfg = Debug|Any CPU
		{2FD5A830-5DFD-49DA-AE62-98A86938AE40}.Debug|Any CPU.Build.0 = Debug|Any CPU
		{2FD5A830-5DFD-49DA-AE62-98A86938AE40}.Debug|Any CPU.Deploy.0 = Debug|Any CPU
		{2FD5A830-5DFD-49DA-AE62-98A86938AE40}.Debug|iPhone.ActiveCfg = Debug|Any CPU
		{2FD5A830-5DFD-49DA-AE62-98A86938AE40}.Debug|iPhone.Build.0 = Debug|Any CPU
		{2FD5A830-5DFD-49DA-AE62-98A86938AE40}.Debug|iPhone.Deploy.0 = Debug|Any CPU
		{2FD5A830-5DFD-49DA-AE62-98A86938AE40}.Debug|iPhoneSimulator.ActiveCfg = Debug|Any CPU
		{2FD5A830-5DFD-49DA-AE62-98A86938AE40}.Debug|iPhoneSimulator.Build.0 = Debug|Any CPU
		{2FD5A830-5DFD-49DA-AE62-98A86938AE40}.Debug|iPhoneSimulator.Deploy.0 = Debug|Any CPU
		{2FD5A830-5DFD-49DA-AE62-98A86938AE40}.Release|Any CPU.ActiveCfg = Release|Any CPU
		{2FD5A830-5DFD-49DA-AE62-98A86938AE40}.Release|Any CPU.Build.0 = Release|Any CPU
		{2FD5A830-5DFD-49DA-AE62-98A86938AE40}.Release|Any CPU.Deploy.0 = Release|Any CPU
		{2FD5A830-5DFD-49DA-AE62-98A86938AE40}.Release|iPhone.ActiveCfg = Release|Any CPU
		{2FD5A830-5DFD-49DA-AE62-98A86938AE40}.Release|iPhone.Build.0 = Release|Any CPU
		{2FD5A830-5DFD-49DA-AE62-98A86938AE40}.Release|iPhone.Deploy.0 = Release|Any CPU
		{2FD5A830-5DFD-49DA-AE62-98A86938AE40}.Release|iPhoneSimulator.ActiveCfg = Release|Any CPU
		{2FD5A830-5DFD-49DA-AE62-98A86938AE40}.Release|iPhoneSimulator.Build.0 = Release|Any CPU
		{2FD5A830-5DFD-49DA-AE62-98A86938AE40}.Release|iPhoneSimulator.Deploy.0 = Release|Any CPU
		{FFAD36AD-208D-4DA3-8D63-055748D7F145}.Ad-Hoc|Any CPU.ActiveCfg = Ad-Hoc|iPhone
		{FFAD36AD-208D-4DA3-8D63-055748D7F145}.Ad-Hoc|Any CPU.Build.0 = Ad-Hoc|iPhone
		{FFAD36AD-208D-4DA3-8D63-055748D7F145}.Ad-Hoc|Any CPU.Deploy.0 = Ad-Hoc|iPhone
		{FFAD36AD-208D-4DA3-8D63-055748D7F145}.Ad-Hoc|iPhone.ActiveCfg = Release|iPhone
		{FFAD36AD-208D-4DA3-8D63-055748D7F145}.Ad-Hoc|iPhone.Build.0 = Release|iPhone
		{FFAD36AD-208D-4DA3-8D63-055748D7F145}.Ad-Hoc|iPhone.Deploy.0 = Release|iPhone
		{FFAD36AD-208D-4DA3-8D63-055748D7F145}.Ad-Hoc|iPhoneSimulator.ActiveCfg = Release|iPhone
		{FFAD36AD-208D-4DA3-8D63-055748D7F145}.Ad-Hoc|iPhoneSimulator.Build.0 = Release|iPhone
		{FFAD36AD-208D-4DA3-8D63-055748D7F145}.Ad-Hoc|iPhoneSimulator.Deploy.0 = Release|iPhone
		{FFAD36AD-208D-4DA3-8D63-055748D7F145}.AppStore|Any CPU.ActiveCfg = AppStore|iPhone
		{FFAD36AD-208D-4DA3-8D63-055748D7F145}.AppStore|Any CPU.Build.0 = AppStore|iPhone
		{FFAD36AD-208D-4DA3-8D63-055748D7F145}.AppStore|Any CPU.Deploy.0 = AppStore|iPhone
		{FFAD36AD-208D-4DA3-8D63-055748D7F145}.AppStore|iPhone.ActiveCfg = AppStore|iPhone
		{FFAD36AD-208D-4DA3-8D63-055748D7F145}.AppStore|iPhone.Build.0 = AppStore|iPhone
		{FFAD36AD-208D-4DA3-8D63-055748D7F145}.AppStore|iPhone.Deploy.0 = AppStore|iPhone
		{FFAD36AD-208D-4DA3-8D63-055748D7F145}.AppStore|iPhoneSimulator.ActiveCfg = AppStore|iPhoneSimulator
		{FFAD36AD-208D-4DA3-8D63-055748D7F145}.AppStore|iPhoneSimulator.Build.0 = AppStore|iPhoneSimulator
		{FFAD36AD-208D-4DA3-8D63-055748D7F145}.AppStore|iPhoneSimulator.Deploy.0 = AppStore|iPhoneSimulator
		{FFAD36AD-208D-4DA3-8D63-055748D7F145}.Debug|Any CPU.ActiveCfg = Debug|iPhoneSimulator
		{FFAD36AD-208D-4DA3-8D63-055748D7F145}.Debug|Any CPU.Build.0 = Debug|iPhoneSimulator
		{FFAD36AD-208D-4DA3-8D63-055748D7F145}.Debug|Any CPU.Deploy.0 = Debug|iPhoneSimulator
		{FFAD36AD-208D-4DA3-8D63-055748D7F145}.Debug|iPhone.ActiveCfg = Debug|iPhone
		{FFAD36AD-208D-4DA3-8D63-055748D7F145}.Debug|iPhone.Build.0 = Debug|iPhone
		{FFAD36AD-208D-4DA3-8D63-055748D7F145}.Debug|iPhone.Deploy.0 = Debug|iPhone
		{FFAD36AD-208D-4DA3-8D63-055748D7F145}.Debug|iPhoneSimulator.ActiveCfg = Debug|iPhoneSimulator
		{FFAD36AD-208D-4DA3-8D63-055748D7F145}.Debug|iPhoneSimulator.Build.0 = Debug|iPhoneSimulator
		{FFAD36AD-208D-4DA3-8D63-055748D7F145}.Debug|iPhoneSimulator.Deploy.0 = Debug|iPhoneSimulator
		{FFAD36AD-208D-4DA3-8D63-055748D7F145}.Release|Any CPU.ActiveCfg = Release|iPhone
		{FFAD36AD-208D-4DA3-8D63-055748D7F145}.Release|Any CPU.Build.0 = Release|iPhone
		{FFAD36AD-208D-4DA3-8D63-055748D7F145}.Release|Any CPU.Deploy.0 = Release|iPhone
		{FFAD36AD-208D-4DA3-8D63-055748D7F145}.Release|iPhone.ActiveCfg = Release|iPhone
		{FFAD36AD-208D-4DA3-8D63-055748D7F145}.Release|iPhone.Build.0 = Release|iPhone
		{FFAD36AD-208D-4DA3-8D63-055748D7F145}.Release|iPhone.Deploy.0 = Release|iPhone
		{FFAD36AD-208D-4DA3-8D63-055748D7F145}.Release|iPhoneSimulator.ActiveCfg = Release|iPhoneSimulator
		{FFAD36AD-208D-4DA3-8D63-055748D7F145}.Release|iPhoneSimulator.Build.0 = Release|iPhoneSimulator
		{FFAD36AD-208D-4DA3-8D63-055748D7F145}.Release|iPhoneSimulator.Deploy.0 = Release|iPhoneSimulator
		{51252AA8-111F-423B-B395-161244759108}.Ad-Hoc|Any CPU.ActiveCfg = Debug|Any CPU
		{51252AA8-111F-423B-B395-161244759108}.Ad-Hoc|Any CPU.Build.0 = Debug|Any CPU
		{51252AA8-111F-423B-B395-161244759108}.Ad-Hoc|Any CPU.Deploy.0 = Debug|Any CPU
		{51252AA8-111F-423B-B395-161244759108}.Ad-Hoc|iPhone.ActiveCfg = Debug|Any CPU
		{51252AA8-111F-423B-B395-161244759108}.Ad-Hoc|iPhone.Build.0 = Debug|Any CPU
		{51252AA8-111F-423B-B395-161244759108}.Ad-Hoc|iPhone.Deploy.0 = Debug|Any CPU
		{51252AA8-111F-423B-B395-161244759108}.Ad-Hoc|iPhoneSimulator.ActiveCfg = Debug|Any CPU
		{51252AA8-111F-423B-B395-161244759108}.Ad-Hoc|iPhoneSimulator.Build.0 = Debug|Any CPU
		{51252AA8-111F-423B-B395-161244759108}.Ad-Hoc|iPhoneSimulator.Deploy.0 = Debug|Any CPU
		{51252AA8-111F-423B-B395-161244759108}.AppStore|Any CPU.ActiveCfg = Debug|Any CPU
		{51252AA8-111F-423B-B395-161244759108}.AppStore|Any CPU.Build.0 = Debug|Any CPU
		{51252AA8-111F-423B-B395-161244759108}.AppStore|Any CPU.Deploy.0 = Debug|Any CPU
		{51252AA8-111F-423B-B395-161244759108}.AppStore|iPhone.ActiveCfg = Debug|Any CPU
		{51252AA8-111F-423B-B395-161244759108}.AppStore|iPhone.Build.0 = Debug|Any CPU
		{51252AA8-111F-423B-B395-161244759108}.AppStore|iPhone.Deploy.0 = Debug|Any CPU
		{51252AA8-111F-423B-B395-161244759108}.AppStore|iPhoneSimulator.ActiveCfg = Debug|Any CPU
		{51252AA8-111F-423B-B395-161244759108}.AppStore|iPhoneSimulator.Build.0 = Debug|Any CPU
		{51252AA8-111F-423B-B395-161244759108}.AppStore|iPhoneSimulator.Deploy.0 = Debug|Any CPU
		{51252AA8-111F-423B-B395-161244759108}.Debug|Any CPU.ActiveCfg = Debug|Any CPU
		{51252AA8-111F-423B-B395-161244759108}.Debug|Any CPU.Build.0 = Debug|Any CPU
		{51252AA8-111F-423B-B395-161244759108}.Debug|Any CPU.Deploy.0 = Debug|Any CPU
		{51252AA8-111F-423B-B395-161244759108}.Debug|iPhone.ActiveCfg = Debug|Any CPU
		{51252AA8-111F-423B-B395-161244759108}.Debug|iPhone.Build.0 = Debug|Any CPU
		{51252AA8-111F-423B-B395-161244759108}.Debug|iPhone.Deploy.0 = Debug|Any CPU
		{51252AA8-111F-423B-B395-161244759108}.Debug|iPhoneSimulator.ActiveCfg = Debug|Any CPU
		{51252AA8-111F-423B-B395-161244759108}.Debug|iPhoneSimulator.Build.0 = Debug|Any CPU
		{51252AA8-111F-423B-B395-161244759108}.Debug|iPhoneSimulator.Deploy.0 = Debug|Any CPU
		{51252AA8-111F-423B-B395-161244759108}.Release|Any CPU.ActiveCfg = Release|Any CPU
		{51252AA8-111F-423B-B395-161244759108}.Release|Any CPU.Build.0 = Release|Any CPU
		{51252AA8-111F-423B-B395-161244759108}.Release|Any CPU.Deploy.0 = Release|Any CPU
		{51252AA8-111F-423B-B395-161244759108}.Release|iPhone.ActiveCfg = Release|Any CPU
		{51252AA8-111F-423B-B395-161244759108}.Release|iPhone.Build.0 = Release|Any CPU
		{51252AA8-111F-423B-B395-161244759108}.Release|iPhone.Deploy.0 = Release|Any CPU
		{51252AA8-111F-423B-B395-161244759108}.Release|iPhoneSimulator.ActiveCfg = Release|Any CPU
		{51252AA8-111F-423B-B395-161244759108}.Release|iPhoneSimulator.Build.0 = Release|Any CPU
		{51252AA8-111F-423B-B395-161244759108}.Release|iPhoneSimulator.Deploy.0 = Release|Any CPU
	EndGlobalSection
	GlobalSection(SolutionProperties) = preSolution
		HideSolutionNode = FALSE
	EndGlobalSection
	GlobalSection(ExtensibilityGlobals) = postSolution
		SolutionGuid = {90253C52-9147-4C7F-BF3B-E47CA9272A0C}
	EndGlobalSection
EndGlobal
